
Microsoft Visual Studio Solution File, Format Version 12.00
# Visual Studio Version 17
VisualStudioVersion = 17.8.34309.116
MinimumVisualStudioVersion = 10.0.40219.1
Project("{9A19103F-16F7-4668-BE54-9A1E7A4F7556}") = "FIleConverter.Client", "FIleConverter.Client\FIleConverter.Client.csproj", "{27139A07-9136-429A-9822-AE1530E3A691}"
EndProject
Project("{9A19103F-16F7-4668-BE54-9A1E7A4F7556}") = "FileConverter.Server", "FileConverter.Server\FileConverter.Server.csproj", "{53BA55D2-5AF7-4EA9-9E48-4A8A1FF320E9}"
EndProject
Project("{FAE04EC0-301F-11D3-BF4B-00C04F79EFBC}") = "FileConverter.Client.Test", "FileConverter.Client.Test\FileConverter.Client.Test.csproj", "{EF6A1391-1F25-4D45-B637-1BFD0EAE4870}"
EndProject
Global
	GlobalSection(SolutionConfigurationPlatforms) = preSolution
		Debug|Any CPU = Debug|Any CPU
		Release|Any CPU = Release|Any CPU
	EndGlobalSection
	GlobalSection(ProjectConfigurationPlatforms) = postSolution
		{27139A07-9136-429A-9822-AE1530E3A691}.Debug|Any CPU.ActiveCfg = Debug|Any CPU
		{27139A07-9136-429A-9822-AE1530E3A691}.Debug|Any CPU.Build.0 = Debug|Any CPU
		{27139A07-9136-429A-9822-AE1530E3A691}.Release|Any CPU.ActiveCfg = Release|Any CPU
		{27139A07-9136-429A-9822-AE1530E3A691}.Release|Any CPU.Build.0 = Release|Any CPU
		{53BA55D2-5AF7-4EA9-9E48-4A8A1FF320E9}.Debug|Any CPU.ActiveCfg = Debug|Any CPU
		{53BA55D2-5AF7-4EA9-9E48-4A8A1FF320E9}.Debug|Any CPU.Build.0 = Debug|Any CPU
		{53BA55D2-5AF7-4EA9-9E48-4A8A1FF320E9}.Release|Any CPU.ActiveCfg = Release|Any CPU
		{53BA55D2-5AF7-4EA9-9E48-4A8A1FF320E9}.Release|Any CPU.Build.0 = Release|Any CPU
		{EF6A1391-1F25-4D45-B637-1BFD0EAE4870}.Debug|Any CPU.ActiveCfg = Debug|Any CPU
		{EF6A1391-1F25-4D45-B637-1BFD0EAE4870}.Debug|Any CPU.Build.0 = Debug|Any CPU
		{EF6A1391-1F25-4D45-B637-1BFD0EAE4870}.Release|Any CPU.ActiveCfg = Release|Any CPU
		{EF6A1391-1F25-4D45-B637-1BFD0EAE4870}.Release|Any CPU.Build.0 = Release|Any CPU
	EndGlobalSection
	GlobalSection(SolutionProperties) = preSolution
		HideSolutionNode = FALSE
	EndGlobalSection
	GlobalSection(ExtensibilityGlobals) = postSolution
		SolutionGuid = {4E00953C-36BE-4DBB-BF0B-6E412A532AB0}
	EndGlobalSection
EndGlobal
